# This file is autogenerated, do not edit; changes may be undone by the next 'dep ensure'.


[[projects]]
  branch = "master"
  digest = "1:4db0b53eb529b9a2133a7bd0f28f6c22b4c7798b823df0b2569b2a1aa2f73662"
  name = "github.com/teamwork/test"
  packages = ["."]
  pruneopts = "UT"
  revision = "fb2f93f656a322dbe851f2aa54921279dfc1a333"

[[projects]]
  branch = "master"
  digest = "1:daa48be26d41f8834c4e8f44094fd42c9398984b101d3fd3f84033587f713a6c"
  name = "github.com/teamwork/utils"
  packages = [
    "jsonutil",
    "sliceutil",
    "stringutil",
  ]
  pruneopts = "UT"
  revision = "68176443984665b694aa6ee2f6ec5972883bdafd"

[solve-meta]
  analyzer-name = "dep"
  analyzer-version = 1
  input-imports = [
    "github.com/teamwork/test",
    "github.com/teamwork/utils/sliceutil",
  ]
  solver-name = "gps-cdcl"
  solver-version = 1
